
Microsoft Visual Studio Solution File, Format Version 12.00
# Visual Studio 15
VisualStudioVersion = 15.0.27703.2042
MinimumVisualStudioVersion = 10.0.40219.1
Project("{FAE04EC0-301F-11D3-BF4B-00C04F79EFBC}") = "YieldConsoleDemo", "YieldDemo\YieldConsoleDemo.csproj", "{8640922B-A67B-459F-9DB9-C01BE505BFF5}"
EndProject
Project("{2150E333-8FDC-42A3-9474-1A3956D46DE8}") = "DotNetBclDemo", "DotNetBclDemo", "{A1A27C35-81D0-4F7A-B643-5955DB398F10}"
EndProject
Project("{2150E333-8FDC-42A3-9474-1A3956D46DE8}") = "WPF", "WPF", "{36F4680B-20E1-4D3B-AEF6-53730B9AE570}"
EndProject
Project("{FAE04EC0-301F-11D3-BF4B-00C04F79EFBC}") = "WpfRoutingEventDemo", "WpfRoutingEventDemo\WpfRoutingEventDemo.csproj", "{613F1B80-57A7-44A4-9CDF-6DFC9EC6EB0C}"
EndProject
Project("{FAE04EC0-301F-11D3-BF4B-00C04F79EFBC}") = "WpfBehaviorDemo", "WpfBehaviorDemo\WpfBehaviorDemo.csproj", "{3B017325-BFBA-4CE8-8D06-B96322A7DFD7}"
EndProject
Project("{FAE04EC0-301F-11D3-BF4B-00C04F79EFBC}") = "ExceptionAttributeDemo", "ExceptionAttributeDemo\ExceptionAttributeDemo.csproj", "{2CBC6E62-37E6-435D-ADD7-D9244F942DAC}"
EndProject
Project("{2150E333-8FDC-42A3-9474-1A3956D46DE8}") = "EntityFramework", "EntityFramework", "{8A2BC188-B4E1-46BE-A8B9-CF020900E5B1}"
EndProject
Project("{FAE04EC0-301F-11D3-BF4B-00C04F79EFBC}") = "EntityFramework6Demo", "EntityFramework6Demo\EntityFramework6Demo.csproj", "{69DECC1E-678B-4F81-A64C-5884279A3AD6}"
EndProject
Project("{FAE04EC0-301F-11D3-BF4B-00C04F79EFBC}") = "WpfDataGridRowGragDrop", "WpfDataGridRowGragDrop\WpfDataGridRowGragDrop.csproj", "{E62BBF9F-88F4-4164-9F35-078E575F9005}"
EndProject
Project("{FAE04EC0-301F-11D3-BF4B-00C04F79EFBC}") = "Wpf.Caliburn.Demo", "Wpf.Caliburn.Demo\Wpf.Caliburn.Demo.csproj", "{B225906D-AD1B-440B-A34A-29A0B9B57738}"
EndProject
Project("{FAE04EC0-301F-11D3-BF4B-00C04F79EFBC}") = "ObjectToString", "ObjectToString\ObjectToString.csproj", "{5C059BD2-ECAC-4746-92D3-F250D20430D8}"
EndProject
Project("{FAE04EC0-301F-11D3-BF4B-00C04F79EFBC}") = "EqualsDemo", "EqualsDemo\EqualsDemo.csproj", "{E15C9931-B4E4-4591-9EB3-4C055D5D6E4B}"
EndProject
Project("{FAE04EC0-301F-11D3-BF4B-00C04F79EFBC}") = "QuerySyntax", "QuerySyntax\QuerySyntax.csproj", "{69AD56C7-211B-4D64-851D-2EC77B893007}"
EndProject
Project("{FAE04EC0-301F-11D3-BF4B-00C04F79EFBC}") = "NamedParameter", "NamedParameter\NamedParameter.csproj", "{27ED42A0-1CF9-46E1-9EC1-D3026A0DA7CF}"
EndProject
Project("{FAE04EC0-301F-11D3-BF4B-00C04F79EFBC}") = "ValueTypeConstantAndAtomicity", "ValueTypeConstantAndAtomicity\ValueTypeConstantAndAtomicity.csproj", "{E5B027E9-9CE0-4890-8B82-4BC934145760}"
EndProject
Global
	GlobalSection(SolutionConfigurationPlatforms) = preSolution
		Debug|Any CPU = Debug|Any CPU
		Debug|x86 = Debug|x86
		Release|Any CPU = Release|Any CPU
		Release|x86 = Release|x86
	EndGlobalSection
	GlobalSection(ProjectConfigurationPlatforms) = postSolution
		{8640922B-A67B-459F-9DB9-C01BE505BFF5}.Debug|Any CPU.ActiveCfg = Debug|Any CPU
		{8640922B-A67B-459F-9DB9-C01BE505BFF5}.Debug|Any CPU.Build.0 = Debug|Any CPU
		{8640922B-A67B-459F-9DB9-C01BE505BFF5}.Debug|x86.ActiveCfg = Debug|x86
		{8640922B-A67B-459F-9DB9-C01BE505BFF5}.Debug|x86.Build.0 = Debug|x86
		{8640922B-A67B-459F-9DB9-C01BE505BFF5}.Release|Any CPU.ActiveCfg = Release|Any CPU
		{8640922B-A67B-459F-9DB9-C01BE505BFF5}.Release|Any CPU.Build.0 = Release|Any CPU
		{8640922B-A67B-459F-9DB9-C01BE505BFF5}.Release|x86.ActiveCfg = Release|x86
		{8640922B-A67B-459F-9DB9-C01BE505BFF5}.Release|x86.Build.0 = Release|x86
		{613F1B80-57A7-44A4-9CDF-6DFC9EC6EB0C}.Debug|Any CPU.ActiveCfg = Debug|Any CPU
		{613F1B80-57A7-44A4-9CDF-6DFC9EC6EB0C}.Debug|Any CPU.Build.0 = Debug|Any CPU
		{613F1B80-57A7-44A4-9CDF-6DFC9EC6EB0C}.Debug|x86.ActiveCfg = Debug|Any CPU
		{613F1B80-57A7-44A4-9CDF-6DFC9EC6EB0C}.Debug|x86.Build.0 = Debug|Any CPU
		{613F1B80-57A7-44A4-9CDF-6DFC9EC6EB0C}.Release|Any CPU.ActiveCfg = Release|Any CPU
		{613F1B80-57A7-44A4-9CDF-6DFC9EC6EB0C}.Release|Any CPU.Build.0 = Release|Any CPU
		{613F1B80-57A7-44A4-9CDF-6DFC9EC6EB0C}.Release|x86.ActiveCfg = Release|Any CPU
		{613F1B80-57A7-44A4-9CDF-6DFC9EC6EB0C}.Release|x86.Build.0 = Release|Any CPU
		{3B017325-BFBA-4CE8-8D06-B96322A7DFD7}.Debug|Any CPU.ActiveCfg = Debug|Any CPU
		{3B017325-BFBA-4CE8-8D06-B96322A7DFD7}.Debug|Any CPU.Build.0 = Debug|Any CPU
		{3B017325-BFBA-4CE8-8D06-B96322A7DFD7}.Debug|x86.ActiveCfg = Debug|Any CPU
		{3B017325-BFBA-4CE8-8D06-B96322A7DFD7}.Debug|x86.Build.0 = Debug|Any CPU
		{3B017325-BFBA-4CE8-8D06-B96322A7DFD7}.Release|Any CPU.ActiveCfg = Release|Any CPU
		{3B017325-BFBA-4CE8-8D06-B96322A7DFD7}.Release|Any CPU.Build.0 = Release|Any CPU
		{3B017325-BFBA-4CE8-8D06-B96322A7DFD7}.Release|x86.ActiveCfg = Release|Any CPU
		{3B017325-BFBA-4CE8-8D06-B96322A7DFD7}.Release|x86.Build.0 = Release|Any CPU
		{2CBC6E62-37E6-435D-ADD7-D9244F942DAC}.Debug|Any CPU.ActiveCfg = Debug|Any CPU
		{2CBC6E62-37E6-435D-ADD7-D9244F942DAC}.Debug|Any CPU.Build.0 = Debug|Any CPU
		{2CBC6E62-37E6-435D-ADD7-D9244F942DAC}.Debug|x86.ActiveCfg = Debug|Any CPU
		{2CBC6E62-37E6-435D-ADD7-D9244F942DAC}.Debug|x86.Build.0 = Debug|Any CPU
		{2CBC6E62-37E6-435D-ADD7-D9244F942DAC}.Release|Any CPU.ActiveCfg = Release|Any CPU
		{2CBC6E62-37E6-435D-ADD7-D9244F942DAC}.Release|Any CPU.Build.0 = Release|Any CPU
		{2CBC6E62-37E6-435D-ADD7-D9244F942DAC}.Release|x86.ActiveCfg = Release|Any CPU
		{2CBC6E62-37E6-435D-ADD7-D9244F942DAC}.Release|x86.Build.0 = Release|Any CPU
		{69DECC1E-678B-4F81-A64C-5884279A3AD6}.Debug|Any CPU.ActiveCfg = Debug|Any CPU
		{69DECC1E-678B-4F81-A64C-5884279A3AD6}.Debug|Any CPU.Build.0 = Debug|Any CPU
		{69DECC1E-678B-4F81-A64C-5884279A3AD6}.Debug|x86.ActiveCfg = Debug|Any CPU
		{69DECC1E-678B-4F81-A64C-5884279A3AD6}.Debug|x86.Build.0 = Debug|Any CPU
		{69DECC1E-678B-4F81-A64C-5884279A3AD6}.Release|Any CPU.ActiveCfg = Release|Any CPU
		{69DECC1E-678B-4F81-A64C-5884279A3AD6}.Release|Any CPU.Build.0 = Release|Any CPU
		{69DECC1E-678B-4F81-A64C-5884279A3AD6}.Release|x86.ActiveCfg = Release|Any CPU
		{69DECC1E-678B-4F81-A64C-5884279A3AD6}.Release|x86.Build.0 = Release|Any CPU
		{E62BBF9F-88F4-4164-9F35-078E575F9005}.Debug|Any CPU.ActiveCfg = Debug|Any CPU
		{E62BBF9F-88F4-4164-9F35-078E575F9005}.Debug|Any CPU.Build.0 = Debug|Any CPU
		{E62BBF9F-88F4-4164-9F35-078E575F9005}.Debug|x86.ActiveCfg = Debug|Any CPU
		{E62BBF9F-88F4-4164-9F35-078E575F9005}.Debug|x86.Build.0 = Debug|Any CPU
		{E62BBF9F-88F4-4164-9F35-078E575F9005}.Release|Any CPU.ActiveCfg = Release|Any CPU
		{E62BBF9F-88F4-4164-9F35-078E575F9005}.Release|Any CPU.Build.0 = Release|Any CPU
		{E62BBF9F-88F4-4164-9F35-078E575F9005}.Release|x86.ActiveCfg = Release|Any CPU
		{E62BBF9F-88F4-4164-9F35-078E575F9005}.Release|x86.Build.0 = Release|Any CPU
		{B225906D-AD1B-440B-A34A-29A0B9B57738}.Debug|Any CPU.ActiveCfg = Debug|Any CPU
		{B225906D-AD1B-440B-A34A-29A0B9B57738}.Debug|Any CPU.Build.0 = Debug|Any CPU
		{B225906D-AD1B-440B-A34A-29A0B9B57738}.Debug|x86.ActiveCfg = Debug|Any CPU
		{B225906D-AD1B-440B-A34A-29A0B9B57738}.Debug|x86.Build.0 = Debug|Any CPU
		{B225906D-AD1B-440B-A34A-29A0B9B57738}.Release|Any CPU.ActiveCfg = Release|Any CPU
		{B225906D-AD1B-440B-A34A-29A0B9B57738}.Release|Any CPU.Build.0 = Release|Any CPU
		{B225906D-AD1B-440B-A34A-29A0B9B57738}.Release|x86.ActiveCfg = Release|Any CPU
		{B225906D-AD1B-440B-A34A-29A0B9B57738}.Release|x86.Build.0 = Release|Any CPU
		{5C059BD2-ECAC-4746-92D3-F250D20430D8}.Debug|Any CPU.ActiveCfg = Debug|Any CPU
		{5C059BD2-ECAC-4746-92D3-F250D20430D8}.Debug|Any CPU.Build.0 = Debug|Any CPU
		{5C059BD2-ECAC-4746-92D3-F250D20430D8}.Debug|x86.ActiveCfg = Debug|Any CPU
		{5C059BD2-ECAC-4746-92D3-F250D20430D8}.Debug|x86.Build.0 = Debug|Any CPU
		{5C059BD2-ECAC-4746-92D3-F250D20430D8}.Release|Any CPU.ActiveCfg = Release|Any CPU
		{5C059BD2-ECAC-4746-92D3-F250D20430D8}.Release|Any CPU.Build.0 = Release|Any CPU
		{5C059BD2-ECAC-4746-92D3-F250D20430D8}.Release|x86.ActiveCfg = Release|Any CPU
		{5C059BD2-ECAC-4746-92D3-F250D20430D8}.Release|x86.Build.0 = Release|Any CPU
		{E15C9931-B4E4-4591-9EB3-4C055D5D6E4B}.Debug|Any CPU.ActiveCfg = Debug|Any CPU
		{E15C9931-B4E4-4591-9EB3-4C055D5D6E4B}.Debug|Any CPU.Build.0 = Debug|Any CPU
		{E15C9931-B4E4-4591-9EB3-4C055D5D6E4B}.Debug|x86.ActiveCfg = Debug|Any CPU
		{E15C9931-B4E4-4591-9EB3-4C055D5D6E4B}.Debug|x86.Build.0 = Debug|Any CPU
		{E15C9931-B4E4-4591-9EB3-4C055D5D6E4B}.Release|Any CPU.ActiveCfg = Release|Any CPU
		{E15C9931-B4E4-4591-9EB3-4C055D5D6E4B}.Release|Any CPU.Build.0 = Release|Any CPU
		{E15C9931-B4E4-4591-9EB3-4C055D5D6E4B}.Release|x86.ActiveCfg = Release|Any CPU
		{E15C9931-B4E4-4591-9EB3-4C055D5D6E4B}.Release|x86.Build.0 = Release|Any CPU
		{69AD56C7-211B-4D64-851D-2EC77B893007}.Debug|Any CPU.ActiveCfg = Debug|Any CPU
		{69AD56C7-211B-4D64-851D-2EC77B893007}.Debug|Any CPU.Build.0 = Debug|Any CPU
		{69AD56C7-211B-4D64-851D-2EC77B893007}.Debug|x86.ActiveCfg = Debug|Any CPU
		{69AD56C7-211B-4D64-851D-2EC77B893007}.Debug|x86.Build.0 = Debug|Any CPU
		{69AD56C7-211B-4D64-851D-2EC77B893007}.Release|Any CPU.ActiveCfg = Release|Any CPU
		{69AD56C7-211B-4D64-851D-2EC77B893007}.Release|Any CPU.Build.0 = Release|Any CPU
		{69AD56C7-211B-4D64-851D-2EC77B893007}.Release|x86.ActiveCfg = Release|Any CPU
		{69AD56C7-211B-4D64-851D-2EC77B893007}.Release|x86.Build.0 = Release|Any CPU
		{27ED42A0-1CF9-46E1-9EC1-D3026A0DA7CF}.Debug|Any CPU.ActiveCfg = Debug|Any CPU
		{27ED42A0-1CF9-46E1-9EC1-D3026A0DA7CF}.Debug|Any CPU.Build.0 = Debug|Any CPU
		{27ED42A0-1CF9-46E1-9EC1-D3026A0DA7CF}.Debug|x86.ActiveCfg = Debug|Any CPU
		{27ED42A0-1CF9-46E1-9EC1-D3026A0DA7CF}.Debug|x86.Build.0 = Debug|Any CPU
		{27ED42A0-1CF9-46E1-9EC1-D3026A0DA7CF}.Release|Any CPU.ActiveCfg = Release|Any CPU
		{27ED42A0-1CF9-46E1-9EC1-D3026A0DA7CF}.Release|Any CPU.Build.0 = Release|Any CPU
		{27ED42A0-1CF9-46E1-9EC1-D3026A0DA7CF}.Release|x86.ActiveCfg = Release|Any CPU
		{27ED42A0-1CF9-46E1-9EC1-D3026A0DA7CF}.Release|x86.Build.0 = Release|Any CPU
		{E5B027E9-9CE0-4890-8B82-4BC934145760}.Debug|Any CPU.ActiveCfg = Debug|Any CPU
		{E5B027E9-9CE0-4890-8B82-4BC934145760}.Debug|Any CPU.Build.0 = Debug|Any CPU
		{E5B027E9-9CE0-4890-8B82-4BC934145760}.Debug|x86.ActiveCfg = Debug|Any CPU
		{E5B027E9-9CE0-4890-8B82-4BC934145760}.Debug|x86.Build.0 = Debug|Any CPU
		{E5B027E9-9CE0-4890-8B82-4BC934145760}.Release|Any CPU.ActiveCfg = Release|Any CPU
		{E5B027E9-9CE0-4890-8B82-4BC934145760}.Release|Any CPU.Build.0 = Release|Any CPU
		{E5B027E9-9CE0-4890-8B82-4BC934145760}.Release|x86.ActiveCfg = Release|Any CPU
		{E5B027E9-9CE0-4890-8B82-4BC934145760}.Release|x86.Build.0 = Release|Any CPU
	EndGlobalSection
	GlobalSection(SolutionProperties) = preSolution
		HideSolutionNode = FALSE
	EndGlobalSection
	GlobalSection(NestedProjects) = preSolution
		{8640922B-A67B-459F-9DB9-C01BE505BFF5} = {A1A27C35-81D0-4F7A-B643-5955DB398F10}
		{613F1B80-57A7-44A4-9CDF-6DFC9EC6EB0C} = {36F4680B-20E1-4D3B-AEF6-53730B9AE570}
		{3B017325-BFBA-4CE8-8D06-B96322A7DFD7} = {36F4680B-20E1-4D3B-AEF6-53730B9AE570}
		{2CBC6E62-37E6-435D-ADD7-D9244F942DAC} = {A1A27C35-81D0-4F7A-B643-5955DB398F10}
		{69DECC1E-678B-4F81-A64C-5884279A3AD6} = {8A2BC188-B4E1-46BE-A8B9-CF020900E5B1}
		{E62BBF9F-88F4-4164-9F35-078E575F9005} = {36F4680B-20E1-4D3B-AEF6-53730B9AE570}
		{B225906D-AD1B-440B-A34A-29A0B9B57738} = {36F4680B-20E1-4D3B-AEF6-53730B9AE570}
		{5C059BD2-ECAC-4746-92D3-F250D20430D8} = {A1A27C35-81D0-4F7A-B643-5955DB398F10}
		{E15C9931-B4E4-4591-9EB3-4C055D5D6E4B} = {A1A27C35-81D0-4F7A-B643-5955DB398F10}
		{69AD56C7-211B-4D64-851D-2EC77B893007} = {A1A27C35-81D0-4F7A-B643-5955DB398F10}
		{27ED42A0-1CF9-46E1-9EC1-D3026A0DA7CF} = {A1A27C35-81D0-4F7A-B643-5955DB398F10}
		{E5B027E9-9CE0-4890-8B82-4BC934145760} = {A1A27C35-81D0-4F7A-B643-5955DB398F10}
	EndGlobalSection
	GlobalSection(ExtensibilityGlobals) = postSolution
		SolutionGuid = {EDA34448-A330-4DB2-B192-2BF197A4CCA8}
	EndGlobalSection
EndGlobal
