
Microsoft Visual Studio Solution File, Format Version 12.00
# Visual Studio Version 16
VisualStudioVersion = 16.0.28803.156
MinimumVisualStudioVersion = 10.0.40219.1
Project("{FAE04EC0-301F-11D3-BF4B-00C04F79EFBC}") = "YieldConsoleDemo", "DotNetBclDemo\YieldDemo\YieldConsoleDemo.csproj", "{8640922B-A67B-459F-9DB9-C01BE505BFF5}"
EndProject
Project("{2150E333-8FDC-42A3-9474-1A3956D46DE8}") = "DotNetBclDemo", "DotNetBclDemo", "{A1A27C35-81D0-4F7A-B643-5955DB398F10}"
EndProject
Project("{2150E333-8FDC-42A3-9474-1A3956D46DE8}") = "WPF", "WPF", "{36F4680B-20E1-4D3B-AEF6-53730B9AE570}"
EndProject
Project("{FAE04EC0-301F-11D3-BF4B-00C04F79EFBC}") = "WpfRoutingEventDemo", "WPF\WpfRoutingEventDemo\WpfRoutingEventDemo.csproj", "{613F1B80-57A7-44A4-9CDF-6DFC9EC6EB0C}"
EndProject
Project("{FAE04EC0-301F-11D3-BF4B-00C04F79EFBC}") = "WpfBehaviorDemo", "WPF\WpfBehaviorDemo\WpfBehaviorDemo.csproj", "{3B017325-BFBA-4CE8-8D06-B96322A7DFD7}"
EndProject
Project("{FAE04EC0-301F-11D3-BF4B-00C04F79EFBC}") = "ExceptionAttributeDemo", "DotNetBclDemo\ExceptionAttributeDemo\ExceptionAttributeDemo.csproj", "{2CBC6E62-37E6-435D-ADD7-D9244F942DAC}"
EndProject
Project("{2150E333-8FDC-42A3-9474-1A3956D46DE8}") = "EntityFramework", "EntityFramework", "{8A2BC188-B4E1-46BE-A8B9-CF020900E5B1}"
EndProject
Project("{FAE04EC0-301F-11D3-BF4B-00C04F79EFBC}") = "EntityFramework6Demo", "EntityFramework\EntityFramework6Demo\EntityFramework6Demo.csproj", "{69DECC1E-678B-4F81-A64C-5884279A3AD6}"
EndProject
Project("{FAE04EC0-301F-11D3-BF4B-00C04F79EFBC}") = "WpfDataGridRowGragDrop", "WPF\WpfDataGridRowGragDrop\WpfDataGridRowGragDrop.csproj", "{E62BBF9F-88F4-4164-9F35-078E575F9005}"
EndProject
Project("{FAE04EC0-301F-11D3-BF4B-00C04F79EFBC}") = "Wpf.Caliburn.Demo", "WPF\Wpf.Caliburn.Demo\Wpf.Caliburn.Demo.csproj", "{B225906D-AD1B-440B-A34A-29A0B9B57738}"
EndProject
Project("{FAE04EC0-301F-11D3-BF4B-00C04F79EFBC}") = "ObjectToString", "DotNetBclDemo\ObjectToString\ObjectToString.csproj", "{5C059BD2-ECAC-4746-92D3-F250D20430D8}"
EndProject
Project("{FAE04EC0-301F-11D3-BF4B-00C04F79EFBC}") = "EqualsDemo", "DotNetBclDemo\EqualsDemo\EqualsDemo.csproj", "{E15C9931-B4E4-4591-9EB3-4C055D5D6E4B}"
EndProject
Project("{FAE04EC0-301F-11D3-BF4B-00C04F79EFBC}") = "QuerySyntax", "DotNetBclDemo\QuerySyntax\QuerySyntax.csproj", "{69AD56C7-211B-4D64-851D-2EC77B893007}"
EndProject
Project("{FAE04EC0-301F-11D3-BF4B-00C04F79EFBC}") = "NamedParameter", "DotNetBclDemo\NamedParameter\NamedParameter.csproj", "{27ED42A0-1CF9-46E1-9EC1-D3026A0DA7CF}"
EndProject
Project("{FAE04EC0-301F-11D3-BF4B-00C04F79EFBC}") = "ValueTypeConstantAndAtomicity", "DotNetBclDemo\ValueTypeConstantAndAtomicity\ValueTypeConstantAndAtomicity.csproj", "{E5B027E9-9CE0-4890-8B82-4BC934145760}"
EndProject
Project("{FAE04EC0-301F-11D3-BF4B-00C04F79EFBC}") = "WpfEnumToCheckbox", "WPF\WpfEnumToCheckbox\WpfEnumToCheckbox.csproj", "{5D2685CE-9EBE-4D95-9D9D-846B4E076F9A}"
EndProject
Project("{FAE04EC0-301F-11D3-BF4B-00C04F79EFBC}") = "FtpClientTest", "DotNetBclDemo\FtpClientTest\FtpClientTest.csproj", "{2BBB28F5-ADE6-46F7-96CE-F651B7084921}"
EndProject
Project("{2150E333-8FDC-42A3-9474-1A3956D46DE8}") = "Gof", "Gof", "{9CB1BA23-CB8E-46E4-8F33-04F58DC3998D}"
EndProject
Project("{FAE04EC0-301F-11D3-BF4B-00C04F79EFBC}") = "SimpleFactory.Demo", "Gof\SimpleFactory.Demo\SimpleFactory.Demo.csproj", "{6AAEF685-FA8B-41DE-9198-ABEBA52156BB}"
EndProject
Project("{FAE04EC0-301F-11D3-BF4B-00C04F79EFBC}") = "StrategyPattern.Demo", "Gof\StrategyPattern.Demo\StrategyPattern.Demo.csproj", "{A2EB0DC4-F227-4242-938F-5B49020D12DE}"
EndProject
Project("{FAE04EC0-301F-11D3-BF4B-00C04F79EFBC}") = "DecoratePattern.Demo", "Gof\DecoratePattern.Demo\DecoratePattern.Demo.csproj", "{8434B264-007C-480C-8603-2BE692F04F2D}"
EndProject
Project("{FAE04EC0-301F-11D3-BF4B-00C04F79EFBC}") = "ConcurrentQueue.Test", "DotNetBclDemo\ConcurrentQueue.Test\ConcurrentQueue.Test.csproj", "{C88CC43F-6A2C-4340-B5AD-F0EC75C88D22}"
EndProject
Project("{2150E333-8FDC-42A3-9474-1A3956D46DE8}") = "Util", "Util", "{F3EFDF24-EA79-458B-95C6-9CD488ECDEDB}"
EndProject
Project("{FAE04EC0-301F-11D3-BF4B-00C04F79EFBC}") = "PdfToImage.Test", "Util\PdfToImage.Test\PdfToImage.Test.csproj", "{208DCC08-4B1F-4AD1-AC92-7C6054DDC1FD}"
EndProject
Project("{FAE04EC0-301F-11D3-BF4B-00C04F79EFBC}") = "PdfOptimizer", "Util\PdfOptimizer\PdfOptimizer.csproj", "{1FDE0E12-90E9-4968-B3A4-603954686201}"
EndProject
Project("{FAE04EC0-301F-11D3-BF4B-00C04F79EFBC}") = "ProxyPattern.Demo", "Gof\ProxyPattern.Demo\ProxyPattern.Demo.csproj", "{268A496E-7E2D-480E-B0ED-ED53C96444EA}"
EndProject
Project("{2150E333-8FDC-42A3-9474-1A3956D46DE8}") = "WCF", "WCF", "{FCF7681B-796B-4363-9DC4-86BC3B662121}"
EndProject
Project("{FAE04EC0-301F-11D3-BF4B-00C04F79EFBC}") = "MessageInspector", "WCF\MessageInspector\MessageInspector.csproj", "{1E5D2630-94FD-4DA7-A167-97E274DC3A08}"
EndProject
Project("{FAE04EC0-301F-11D3-BF4B-00C04F79EFBC}") = "Wpf.SelectableControl", "WPF\Wpf.SelectableControl\Wpf.SelectableControl.csproj", "{FCD01783-AAF9-4D0E-BCAE-1DA3C0FCC811}"
EndProject
Project("{2150E333-8FDC-42A3-9474-1A3956D46DE8}") = "Test", "Test", "{7DAD5604-B841-4C67-8D42-227AB30E22BA}"
EndProject
Project("{FAE04EC0-301F-11D3-BF4B-00C04F79EFBC}") = "Cocon.Test", "Test\Cocon.Test\Cocon.Test.csproj", "{FAB6FA0B-5FFB-4EF1-824E-4F1F8921413D}"
EndProject
Project("{FAE04EC0-301F-11D3-BF4B-00C04F79EFBC}") = "WpfValidationRule", "WPF\WpfValidationRule\WpfValidationRule.csproj", "{5789141B-5B27-4007-8CE9-8C056348541F}"
EndProject
Global
	GlobalSection(SolutionConfigurationPlatforms) = preSolution
		Debug|Any CPU = Debug|Any CPU
		Debug|x86 = Debug|x86
		Release|Any CPU = Release|Any CPU
		Release|x86 = Release|x86
	EndGlobalSection
	GlobalSection(ProjectConfigurationPlatforms) = postSolution
		{8640922B-A67B-459F-9DB9-C01BE505BFF5}.Debug|Any CPU.ActiveCfg = Debug|Any CPU
		{8640922B-A67B-459F-9DB9-C01BE505BFF5}.Debug|Any CPU.Build.0 = Debug|Any CPU
		{8640922B-A67B-459F-9DB9-C01BE505BFF5}.Debug|x86.ActiveCfg = Debug|x86
		{8640922B-A67B-459F-9DB9-C01BE505BFF5}.Debug|x86.Build.0 = Debug|x86
		{8640922B-A67B-459F-9DB9-C01BE505BFF5}.Release|Any CPU.ActiveCfg = Release|Any CPU
		{8640922B-A67B-459F-9DB9-C01BE505BFF5}.Release|Any CPU.Build.0 = Release|Any CPU
		{8640922B-A67B-459F-9DB9-C01BE505BFF5}.Release|x86.ActiveCfg = Release|x86
		{8640922B-A67B-459F-9DB9-C01BE505BFF5}.Release|x86.Build.0 = Release|x86
		{613F1B80-57A7-44A4-9CDF-6DFC9EC6EB0C}.Debug|Any CPU.ActiveCfg = Debug|Any CPU
		{613F1B80-57A7-44A4-9CDF-6DFC9EC6EB0C}.Debug|Any CPU.Build.0 = Debug|Any CPU
		{613F1B80-57A7-44A4-9CDF-6DFC9EC6EB0C}.Debug|x86.ActiveCfg = Debug|Any CPU
		{613F1B80-57A7-44A4-9CDF-6DFC9EC6EB0C}.Debug|x86.Build.0 = Debug|Any CPU
		{613F1B80-57A7-44A4-9CDF-6DFC9EC6EB0C}.Release|Any CPU.ActiveCfg = Release|Any CPU
		{613F1B80-57A7-44A4-9CDF-6DFC9EC6EB0C}.Release|Any CPU.Build.0 = Release|Any CPU
		{613F1B80-57A7-44A4-9CDF-6DFC9EC6EB0C}.Release|x86.ActiveCfg = Release|Any CPU
		{613F1B80-57A7-44A4-9CDF-6DFC9EC6EB0C}.Release|x86.Build.0 = Release|Any CPU
		{3B017325-BFBA-4CE8-8D06-B96322A7DFD7}.Debug|Any CPU.ActiveCfg = Debug|Any CPU
		{3B017325-BFBA-4CE8-8D06-B96322A7DFD7}.Debug|Any CPU.Build.0 = Debug|Any CPU
		{3B017325-BFBA-4CE8-8D06-B96322A7DFD7}.Debug|x86.ActiveCfg = Debug|Any CPU
		{3B017325-BFBA-4CE8-8D06-B96322A7DFD7}.Debug|x86.Build.0 = Debug|Any CPU
		{3B017325-BFBA-4CE8-8D06-B96322A7DFD7}.Release|Any CPU.ActiveCfg = Release|Any CPU
		{3B017325-BFBA-4CE8-8D06-B96322A7DFD7}.Release|Any CPU.Build.0 = Release|Any CPU
		{3B017325-BFBA-4CE8-8D06-B96322A7DFD7}.Release|x86.ActiveCfg = Release|Any CPU
		{3B017325-BFBA-4CE8-8D06-B96322A7DFD7}.Release|x86.Build.0 = Release|Any CPU
		{2CBC6E62-37E6-435D-ADD7-D9244F942DAC}.Debug|Any CPU.ActiveCfg = Debug|Any CPU
		{2CBC6E62-37E6-435D-ADD7-D9244F942DAC}.Debug|Any CPU.Build.0 = Debug|Any CPU
		{2CBC6E62-37E6-435D-ADD7-D9244F942DAC}.Debug|x86.ActiveCfg = Debug|Any CPU
		{2CBC6E62-37E6-435D-ADD7-D9244F942DAC}.Debug|x86.Build.0 = Debug|Any CPU
		{2CBC6E62-37E6-435D-ADD7-D9244F942DAC}.Release|Any CPU.ActiveCfg = Release|Any CPU
		{2CBC6E62-37E6-435D-ADD7-D9244F942DAC}.Release|Any CPU.Build.0 = Release|Any CPU
		{2CBC6E62-37E6-435D-ADD7-D9244F942DAC}.Release|x86.ActiveCfg = Release|Any CPU
		{2CBC6E62-37E6-435D-ADD7-D9244F942DAC}.Release|x86.Build.0 = Release|Any CPU
		{69DECC1E-678B-4F81-A64C-5884279A3AD6}.Debug|Any CPU.ActiveCfg = Debug|Any CPU
		{69DECC1E-678B-4F81-A64C-5884279A3AD6}.Debug|Any CPU.Build.0 = Debug|Any CPU
		{69DECC1E-678B-4F81-A64C-5884279A3AD6}.Debug|x86.ActiveCfg = Debug|Any CPU
		{69DECC1E-678B-4F81-A64C-5884279A3AD6}.Debug|x86.Build.0 = Debug|Any CPU
		{69DECC1E-678B-4F81-A64C-5884279A3AD6}.Release|Any CPU.ActiveCfg = Release|Any CPU
		{69DECC1E-678B-4F81-A64C-5884279A3AD6}.Release|Any CPU.Build.0 = Release|Any CPU
		{69DECC1E-678B-4F81-A64C-5884279A3AD6}.Release|x86.ActiveCfg = Release|Any CPU
		{69DECC1E-678B-4F81-A64C-5884279A3AD6}.Release|x86.Build.0 = Release|Any CPU
		{E62BBF9F-88F4-4164-9F35-078E575F9005}.Debug|Any CPU.ActiveCfg = Debug|Any CPU
		{E62BBF9F-88F4-4164-9F35-078E575F9005}.Debug|Any CPU.Build.0 = Debug|Any CPU
		{E62BBF9F-88F4-4164-9F35-078E575F9005}.Debug|x86.ActiveCfg = Debug|Any CPU
		{E62BBF9F-88F4-4164-9F35-078E575F9005}.Debug|x86.Build.0 = Debug|Any CPU
		{E62BBF9F-88F4-4164-9F35-078E575F9005}.Release|Any CPU.ActiveCfg = Release|Any CPU
		{E62BBF9F-88F4-4164-9F35-078E575F9005}.Release|Any CPU.Build.0 = Release|Any CPU
		{E62BBF9F-88F4-4164-9F35-078E575F9005}.Release|x86.ActiveCfg = Release|Any CPU
		{E62BBF9F-88F4-4164-9F35-078E575F9005}.Release|x86.Build.0 = Release|Any CPU
		{B225906D-AD1B-440B-A34A-29A0B9B57738}.Debug|Any CPU.ActiveCfg = Debug|Any CPU
		{B225906D-AD1B-440B-A34A-29A0B9B57738}.Debug|Any CPU.Build.0 = Debug|Any CPU
		{B225906D-AD1B-440B-A34A-29A0B9B57738}.Debug|x86.ActiveCfg = Debug|Any CPU
		{B225906D-AD1B-440B-A34A-29A0B9B57738}.Debug|x86.Build.0 = Debug|Any CPU
		{B225906D-AD1B-440B-A34A-29A0B9B57738}.Release|Any CPU.ActiveCfg = Release|Any CPU
		{B225906D-AD1B-440B-A34A-29A0B9B57738}.Release|Any CPU.Build.0 = Release|Any CPU
		{B225906D-AD1B-440B-A34A-29A0B9B57738}.Release|x86.ActiveCfg = Release|Any CPU
		{B225906D-AD1B-440B-A34A-29A0B9B57738}.Release|x86.Build.0 = Release|Any CPU
		{5C059BD2-ECAC-4746-92D3-F250D20430D8}.Debug|Any CPU.ActiveCfg = Debug|Any CPU
		{5C059BD2-ECAC-4746-92D3-F250D20430D8}.Debug|Any CPU.Build.0 = Debug|Any CPU
		{5C059BD2-ECAC-4746-92D3-F250D20430D8}.Debug|x86.ActiveCfg = Debug|Any CPU
		{5C059BD2-ECAC-4746-92D3-F250D20430D8}.Debug|x86.Build.0 = Debug|Any CPU
		{5C059BD2-ECAC-4746-92D3-F250D20430D8}.Release|Any CPU.ActiveCfg = Release|Any CPU
		{5C059BD2-ECAC-4746-92D3-F250D20430D8}.Release|Any CPU.Build.0 = Release|Any CPU
		{5C059BD2-ECAC-4746-92D3-F250D20430D8}.Release|x86.ActiveCfg = Release|Any CPU
		{5C059BD2-ECAC-4746-92D3-F250D20430D8}.Release|x86.Build.0 = Release|Any CPU
		{E15C9931-B4E4-4591-9EB3-4C055D5D6E4B}.Debug|Any CPU.ActiveCfg = Debug|Any CPU
		{E15C9931-B4E4-4591-9EB3-4C055D5D6E4B}.Debug|Any CPU.Build.0 = Debug|Any CPU
		{E15C9931-B4E4-4591-9EB3-4C055D5D6E4B}.Debug|x86.ActiveCfg = Debug|Any CPU
		{E15C9931-B4E4-4591-9EB3-4C055D5D6E4B}.Debug|x86.Build.0 = Debug|Any CPU
		{E15C9931-B4E4-4591-9EB3-4C055D5D6E4B}.Release|Any CPU.ActiveCfg = Release|Any CPU
		{E15C9931-B4E4-4591-9EB3-4C055D5D6E4B}.Release|Any CPU.Build.0 = Release|Any CPU
		{E15C9931-B4E4-4591-9EB3-4C055D5D6E4B}.Release|x86.ActiveCfg = Release|Any CPU
		{E15C9931-B4E4-4591-9EB3-4C055D5D6E4B}.Release|x86.Build.0 = Release|Any CPU
		{69AD56C7-211B-4D64-851D-2EC77B893007}.Debug|Any CPU.ActiveCfg = Debug|Any CPU
		{69AD56C7-211B-4D64-851D-2EC77B893007}.Debug|Any CPU.Build.0 = Debug|Any CPU
		{69AD56C7-211B-4D64-851D-2EC77B893007}.Debug|x86.ActiveCfg = Debug|Any CPU
		{69AD56C7-211B-4D64-851D-2EC77B893007}.Debug|x86.Build.0 = Debug|Any CPU
		{69AD56C7-211B-4D64-851D-2EC77B893007}.Release|Any CPU.ActiveCfg = Release|Any CPU
		{69AD56C7-211B-4D64-851D-2EC77B893007}.Release|Any CPU.Build.0 = Release|Any CPU
		{69AD56C7-211B-4D64-851D-2EC77B893007}.Release|x86.ActiveCfg = Release|Any CPU
		{69AD56C7-211B-4D64-851D-2EC77B893007}.Release|x86.Build.0 = Release|Any CPU
		{27ED42A0-1CF9-46E1-9EC1-D3026A0DA7CF}.Debug|Any CPU.ActiveCfg = Debug|Any CPU
		{27ED42A0-1CF9-46E1-9EC1-D3026A0DA7CF}.Debug|Any CPU.Build.0 = Debug|Any CPU
		{27ED42A0-1CF9-46E1-9EC1-D3026A0DA7CF}.Debug|x86.ActiveCfg = Debug|Any CPU
		{27ED42A0-1CF9-46E1-9EC1-D3026A0DA7CF}.Debug|x86.Build.0 = Debug|Any CPU
		{27ED42A0-1CF9-46E1-9EC1-D3026A0DA7CF}.Release|Any CPU.ActiveCfg = Release|Any CPU
		{27ED42A0-1CF9-46E1-9EC1-D3026A0DA7CF}.Release|Any CPU.Build.0 = Release|Any CPU
		{27ED42A0-1CF9-46E1-9EC1-D3026A0DA7CF}.Release|x86.ActiveCfg = Release|Any CPU
		{27ED42A0-1CF9-46E1-9EC1-D3026A0DA7CF}.Release|x86.Build.0 = Release|Any CPU
		{E5B027E9-9CE0-4890-8B82-4BC934145760}.Debug|Any CPU.ActiveCfg = Debug|Any CPU
		{E5B027E9-9CE0-4890-8B82-4BC934145760}.Debug|Any CPU.Build.0 = Debug|Any CPU
		{E5B027E9-9CE0-4890-8B82-4BC934145760}.Debug|x86.ActiveCfg = Debug|Any CPU
		{E5B027E9-9CE0-4890-8B82-4BC934145760}.Debug|x86.Build.0 = Debug|Any CPU
		{E5B027E9-9CE0-4890-8B82-4BC934145760}.Release|Any CPU.ActiveCfg = Release|Any CPU
		{E5B027E9-9CE0-4890-8B82-4BC934145760}.Release|Any CPU.Build.0 = Release|Any CPU
		{E5B027E9-9CE0-4890-8B82-4BC934145760}.Release|x86.ActiveCfg = Release|Any CPU
		{E5B027E9-9CE0-4890-8B82-4BC934145760}.Release|x86.Build.0 = Release|Any CPU
		{5D2685CE-9EBE-4D95-9D9D-846B4E076F9A}.Debug|Any CPU.ActiveCfg = Debug|Any CPU
		{5D2685CE-9EBE-4D95-9D9D-846B4E076F9A}.Debug|Any CPU.Build.0 = Debug|Any CPU
		{5D2685CE-9EBE-4D95-9D9D-846B4E076F9A}.Debug|x86.ActiveCfg = Debug|Any CPU
		{5D2685CE-9EBE-4D95-9D9D-846B4E076F9A}.Debug|x86.Build.0 = Debug|Any CPU
		{5D2685CE-9EBE-4D95-9D9D-846B4E076F9A}.Release|Any CPU.ActiveCfg = Release|Any CPU
		{5D2685CE-9EBE-4D95-9D9D-846B4E076F9A}.Release|Any CPU.Build.0 = Release|Any CPU
		{5D2685CE-9EBE-4D95-9D9D-846B4E076F9A}.Release|x86.ActiveCfg = Release|Any CPU
		{5D2685CE-9EBE-4D95-9D9D-846B4E076F9A}.Release|x86.Build.0 = Release|Any CPU
		{2BBB28F5-ADE6-46F7-96CE-F651B7084921}.Debug|Any CPU.ActiveCfg = Debug|Any CPU
		{2BBB28F5-ADE6-46F7-96CE-F651B7084921}.Debug|Any CPU.Build.0 = Debug|Any CPU
		{2BBB28F5-ADE6-46F7-96CE-F651B7084921}.Debug|x86.ActiveCfg = Debug|Any CPU
		{2BBB28F5-ADE6-46F7-96CE-F651B7084921}.Debug|x86.Build.0 = Debug|Any CPU
		{2BBB28F5-ADE6-46F7-96CE-F651B7084921}.Release|Any CPU.ActiveCfg = Release|Any CPU
		{2BBB28F5-ADE6-46F7-96CE-F651B7084921}.Release|Any CPU.Build.0 = Release|Any CPU
		{2BBB28F5-ADE6-46F7-96CE-F651B7084921}.Release|x86.ActiveCfg = Release|Any CPU
		{2BBB28F5-ADE6-46F7-96CE-F651B7084921}.Release|x86.Build.0 = Release|Any CPU
		{6AAEF685-FA8B-41DE-9198-ABEBA52156BB}.Debug|Any CPU.ActiveCfg = Debug|Any CPU
		{6AAEF685-FA8B-41DE-9198-ABEBA52156BB}.Debug|Any CPU.Build.0 = Debug|Any CPU
		{6AAEF685-FA8B-41DE-9198-ABEBA52156BB}.Debug|x86.ActiveCfg = Debug|Any CPU
		{6AAEF685-FA8B-41DE-9198-ABEBA52156BB}.Debug|x86.Build.0 = Debug|Any CPU
		{6AAEF685-FA8B-41DE-9198-ABEBA52156BB}.Release|Any CPU.ActiveCfg = Release|Any CPU
		{6AAEF685-FA8B-41DE-9198-ABEBA52156BB}.Release|Any CPU.Build.0 = Release|Any CPU
		{6AAEF685-FA8B-41DE-9198-ABEBA52156BB}.Release|x86.ActiveCfg = Release|Any CPU
		{6AAEF685-FA8B-41DE-9198-ABEBA52156BB}.Release|x86.Build.0 = Release|Any CPU
		{A2EB0DC4-F227-4242-938F-5B49020D12DE}.Debug|Any CPU.ActiveCfg = Debug|Any CPU
		{A2EB0DC4-F227-4242-938F-5B49020D12DE}.Debug|Any CPU.Build.0 = Debug|Any CPU
		{A2EB0DC4-F227-4242-938F-5B49020D12DE}.Debug|x86.ActiveCfg = Debug|Any CPU
		{A2EB0DC4-F227-4242-938F-5B49020D12DE}.Debug|x86.Build.0 = Debug|Any CPU
		{A2EB0DC4-F227-4242-938F-5B49020D12DE}.Release|Any CPU.ActiveCfg = Release|Any CPU
		{A2EB0DC4-F227-4242-938F-5B49020D12DE}.Release|Any CPU.Build.0 = Release|Any CPU
		{A2EB0DC4-F227-4242-938F-5B49020D12DE}.Release|x86.ActiveCfg = Release|Any CPU
		{A2EB0DC4-F227-4242-938F-5B49020D12DE}.Release|x86.Build.0 = Release|Any CPU
		{8434B264-007C-480C-8603-2BE692F04F2D}.Debug|Any CPU.ActiveCfg = Debug|Any CPU
		{8434B264-007C-480C-8603-2BE692F04F2D}.Debug|Any CPU.Build.0 = Debug|Any CPU
		{8434B264-007C-480C-8603-2BE692F04F2D}.Debug|x86.ActiveCfg = Debug|Any CPU
		{8434B264-007C-480C-8603-2BE692F04F2D}.Debug|x86.Build.0 = Debug|Any CPU
		{8434B264-007C-480C-8603-2BE692F04F2D}.Release|Any CPU.ActiveCfg = Release|Any CPU
		{8434B264-007C-480C-8603-2BE692F04F2D}.Release|Any CPU.Build.0 = Release|Any CPU
		{8434B264-007C-480C-8603-2BE692F04F2D}.Release|x86.ActiveCfg = Release|Any CPU
		{8434B264-007C-480C-8603-2BE692F04F2D}.Release|x86.Build.0 = Release|Any CPU
		{C88CC43F-6A2C-4340-B5AD-F0EC75C88D22}.Debug|Any CPU.ActiveCfg = Debug|Any CPU
		{C88CC43F-6A2C-4340-B5AD-F0EC75C88D22}.Debug|Any CPU.Build.0 = Debug|Any CPU
		{C88CC43F-6A2C-4340-B5AD-F0EC75C88D22}.Debug|x86.ActiveCfg = Debug|Any CPU
		{C88CC43F-6A2C-4340-B5AD-F0EC75C88D22}.Debug|x86.Build.0 = Debug|Any CPU
		{C88CC43F-6A2C-4340-B5AD-F0EC75C88D22}.Release|Any CPU.ActiveCfg = Release|Any CPU
		{C88CC43F-6A2C-4340-B5AD-F0EC75C88D22}.Release|Any CPU.Build.0 = Release|Any CPU
		{C88CC43F-6A2C-4340-B5AD-F0EC75C88D22}.Release|x86.ActiveCfg = Release|Any CPU
		{C88CC43F-6A2C-4340-B5AD-F0EC75C88D22}.Release|x86.Build.0 = Release|Any CPU
		{208DCC08-4B1F-4AD1-AC92-7C6054DDC1FD}.Debug|Any CPU.ActiveCfg = Debug|Any CPU
		{208DCC08-4B1F-4AD1-AC92-7C6054DDC1FD}.Debug|Any CPU.Build.0 = Debug|Any CPU
		{208DCC08-4B1F-4AD1-AC92-7C6054DDC1FD}.Debug|x86.ActiveCfg = Debug|Any CPU
		{208DCC08-4B1F-4AD1-AC92-7C6054DDC1FD}.Debug|x86.Build.0 = Debug|Any CPU
		{208DCC08-4B1F-4AD1-AC92-7C6054DDC1FD}.Release|Any CPU.ActiveCfg = Release|Any CPU
		{208DCC08-4B1F-4AD1-AC92-7C6054DDC1FD}.Release|Any CPU.Build.0 = Release|Any CPU
		{208DCC08-4B1F-4AD1-AC92-7C6054DDC1FD}.Release|x86.ActiveCfg = Release|Any CPU
		{208DCC08-4B1F-4AD1-AC92-7C6054DDC1FD}.Release|x86.Build.0 = Release|Any CPU
		{1FDE0E12-90E9-4968-B3A4-603954686201}.Debug|Any CPU.ActiveCfg = Debug|Any CPU
		{1FDE0E12-90E9-4968-B3A4-603954686201}.Debug|Any CPU.Build.0 = Debug|Any CPU
		{1FDE0E12-90E9-4968-B3A4-603954686201}.Debug|x86.ActiveCfg = Debug|Any CPU
		{1FDE0E12-90E9-4968-B3A4-603954686201}.Debug|x86.Build.0 = Debug|Any CPU
		{1FDE0E12-90E9-4968-B3A4-603954686201}.Release|Any CPU.ActiveCfg = Release|Any CPU
		{1FDE0E12-90E9-4968-B3A4-603954686201}.Release|Any CPU.Build.0 = Release|Any CPU
		{1FDE0E12-90E9-4968-B3A4-603954686201}.Release|x86.ActiveCfg = Release|Any CPU
		{1FDE0E12-90E9-4968-B3A4-603954686201}.Release|x86.Build.0 = Release|Any CPU
		{268A496E-7E2D-480E-B0ED-ED53C96444EA}.Debug|Any CPU.ActiveCfg = Debug|Any CPU
		{268A496E-7E2D-480E-B0ED-ED53C96444EA}.Debug|Any CPU.Build.0 = Debug|Any CPU
		{268A496E-7E2D-480E-B0ED-ED53C96444EA}.Debug|x86.ActiveCfg = Debug|Any CPU
		{268A496E-7E2D-480E-B0ED-ED53C96444EA}.Debug|x86.Build.0 = Debug|Any CPU
		{268A496E-7E2D-480E-B0ED-ED53C96444EA}.Release|Any CPU.ActiveCfg = Release|Any CPU
		{268A496E-7E2D-480E-B0ED-ED53C96444EA}.Release|Any CPU.Build.0 = Release|Any CPU
		{268A496E-7E2D-480E-B0ED-ED53C96444EA}.Release|x86.ActiveCfg = Release|Any CPU
		{268A496E-7E2D-480E-B0ED-ED53C96444EA}.Release|x86.Build.0 = Release|Any CPU
		{1E5D2630-94FD-4DA7-A167-97E274DC3A08}.Debug|Any CPU.ActiveCfg = Debug|Any CPU
		{1E5D2630-94FD-4DA7-A167-97E274DC3A08}.Debug|Any CPU.Build.0 = Debug|Any CPU
		{1E5D2630-94FD-4DA7-A167-97E274DC3A08}.Debug|x86.ActiveCfg = Debug|Any CPU
		{1E5D2630-94FD-4DA7-A167-97E274DC3A08}.Debug|x86.Build.0 = Debug|Any CPU
		{1E5D2630-94FD-4DA7-A167-97E274DC3A08}.Release|Any CPU.ActiveCfg = Release|Any CPU
		{1E5D2630-94FD-4DA7-A167-97E274DC3A08}.Release|Any CPU.Build.0 = Release|Any CPU
		{1E5D2630-94FD-4DA7-A167-97E274DC3A08}.Release|x86.ActiveCfg = Release|Any CPU
		{1E5D2630-94FD-4DA7-A167-97E274DC3A08}.Release|x86.Build.0 = Release|Any CPU
		{FCD01783-AAF9-4D0E-BCAE-1DA3C0FCC811}.Debug|Any CPU.ActiveCfg = Debug|Any CPU
		{FCD01783-AAF9-4D0E-BCAE-1DA3C0FCC811}.Debug|Any CPU.Build.0 = Debug|Any CPU
		{FCD01783-AAF9-4D0E-BCAE-1DA3C0FCC811}.Debug|x86.ActiveCfg = Debug|Any CPU
		{FCD01783-AAF9-4D0E-BCAE-1DA3C0FCC811}.Debug|x86.Build.0 = Debug|Any CPU
		{FCD01783-AAF9-4D0E-BCAE-1DA3C0FCC811}.Release|Any CPU.ActiveCfg = Release|Any CPU
		{FCD01783-AAF9-4D0E-BCAE-1DA3C0FCC811}.Release|Any CPU.Build.0 = Release|Any CPU
		{FCD01783-AAF9-4D0E-BCAE-1DA3C0FCC811}.Release|x86.ActiveCfg = Release|Any CPU
		{FCD01783-AAF9-4D0E-BCAE-1DA3C0FCC811}.Release|x86.Build.0 = Release|Any CPU
		{FAB6FA0B-5FFB-4EF1-824E-4F1F8921413D}.Debug|Any CPU.ActiveCfg = Debug|Any CPU
		{FAB6FA0B-5FFB-4EF1-824E-4F1F8921413D}.Debug|Any CPU.Build.0 = Debug|Any CPU
		{FAB6FA0B-5FFB-4EF1-824E-4F1F8921413D}.Debug|x86.ActiveCfg = Debug|Any CPU
		{FAB6FA0B-5FFB-4EF1-824E-4F1F8921413D}.Debug|x86.Build.0 = Debug|Any CPU
		{FAB6FA0B-5FFB-4EF1-824E-4F1F8921413D}.Release|Any CPU.ActiveCfg = Release|Any CPU
		{FAB6FA0B-5FFB-4EF1-824E-4F1F8921413D}.Release|Any CPU.Build.0 = Release|Any CPU
		{FAB6FA0B-5FFB-4EF1-824E-4F1F8921413D}.Release|x86.ActiveCfg = Release|Any CPU
		{FAB6FA0B-5FFB-4EF1-824E-4F1F8921413D}.Release|x86.Build.0 = Release|Any CPU
		{5789141B-5B27-4007-8CE9-8C056348541F}.Debug|Any CPU.ActiveCfg = Debug|Any CPU
		{5789141B-5B27-4007-8CE9-8C056348541F}.Debug|Any CPU.Build.0 = Debug|Any CPU
		{5789141B-5B27-4007-8CE9-8C056348541F}.Debug|x86.ActiveCfg = Debug|Any CPU
		{5789141B-5B27-4007-8CE9-8C056348541F}.Debug|x86.Build.0 = Debug|Any CPU
		{5789141B-5B27-4007-8CE9-8C056348541F}.Release|Any CPU.ActiveCfg = Release|Any CPU
		{5789141B-5B27-4007-8CE9-8C056348541F}.Release|Any CPU.Build.0 = Release|Any CPU
		{5789141B-5B27-4007-8CE9-8C056348541F}.Release|x86.ActiveCfg = Release|Any CPU
		{5789141B-5B27-4007-8CE9-8C056348541F}.Release|x86.Build.0 = Release|Any CPU
	EndGlobalSection
	GlobalSection(SolutionProperties) = preSolution
		HideSolutionNode = FALSE
	EndGlobalSection
	GlobalSection(NestedProjects) = preSolution
		{8640922B-A67B-459F-9DB9-C01BE505BFF5} = {A1A27C35-81D0-4F7A-B643-5955DB398F10}
		{613F1B80-57A7-44A4-9CDF-6DFC9EC6EB0C} = {36F4680B-20E1-4D3B-AEF6-53730B9AE570}
		{3B017325-BFBA-4CE8-8D06-B96322A7DFD7} = {36F4680B-20E1-4D3B-AEF6-53730B9AE570}
		{2CBC6E62-37E6-435D-ADD7-D9244F942DAC} = {A1A27C35-81D0-4F7A-B643-5955DB398F10}
		{69DECC1E-678B-4F81-A64C-5884279A3AD6} = {8A2BC188-B4E1-46BE-A8B9-CF020900E5B1}
		{E62BBF9F-88F4-4164-9F35-078E575F9005} = {36F4680B-20E1-4D3B-AEF6-53730B9AE570}
		{B225906D-AD1B-440B-A34A-29A0B9B57738} = {36F4680B-20E1-4D3B-AEF6-53730B9AE570}
		{5C059BD2-ECAC-4746-92D3-F250D20430D8} = {A1A27C35-81D0-4F7A-B643-5955DB398F10}
		{E15C9931-B4E4-4591-9EB3-4C055D5D6E4B} = {A1A27C35-81D0-4F7A-B643-5955DB398F10}
		{69AD56C7-211B-4D64-851D-2EC77B893007} = {A1A27C35-81D0-4F7A-B643-5955DB398F10}
		{27ED42A0-1CF9-46E1-9EC1-D3026A0DA7CF} = {A1A27C35-81D0-4F7A-B643-5955DB398F10}
		{E5B027E9-9CE0-4890-8B82-4BC934145760} = {A1A27C35-81D0-4F7A-B643-5955DB398F10}
		{5D2685CE-9EBE-4D95-9D9D-846B4E076F9A} = {36F4680B-20E1-4D3B-AEF6-53730B9AE570}
		{2BBB28F5-ADE6-46F7-96CE-F651B7084921} = {A1A27C35-81D0-4F7A-B643-5955DB398F10}
		{6AAEF685-FA8B-41DE-9198-ABEBA52156BB} = {9CB1BA23-CB8E-46E4-8F33-04F58DC3998D}
		{A2EB0DC4-F227-4242-938F-5B49020D12DE} = {9CB1BA23-CB8E-46E4-8F33-04F58DC3998D}
		{8434B264-007C-480C-8603-2BE692F04F2D} = {9CB1BA23-CB8E-46E4-8F33-04F58DC3998D}
		{C88CC43F-6A2C-4340-B5AD-F0EC75C88D22} = {A1A27C35-81D0-4F7A-B643-5955DB398F10}
		{208DCC08-4B1F-4AD1-AC92-7C6054DDC1FD} = {F3EFDF24-EA79-458B-95C6-9CD488ECDEDB}
		{1FDE0E12-90E9-4968-B3A4-603954686201} = {F3EFDF24-EA79-458B-95C6-9CD488ECDEDB}
		{268A496E-7E2D-480E-B0ED-ED53C96444EA} = {9CB1BA23-CB8E-46E4-8F33-04F58DC3998D}
		{1E5D2630-94FD-4DA7-A167-97E274DC3A08} = {FCF7681B-796B-4363-9DC4-86BC3B662121}
		{FCD01783-AAF9-4D0E-BCAE-1DA3C0FCC811} = {36F4680B-20E1-4D3B-AEF6-53730B9AE570}
		{FAB6FA0B-5FFB-4EF1-824E-4F1F8921413D} = {7DAD5604-B841-4C67-8D42-227AB30E22BA}
		{5789141B-5B27-4007-8CE9-8C056348541F} = {36F4680B-20E1-4D3B-AEF6-53730B9AE570}
	EndGlobalSection
	GlobalSection(ExtensibilityGlobals) = postSolution
		SolutionGuid = {EDA34448-A330-4DB2-B192-2BF197A4CCA8}
	EndGlobalSection
EndGlobal
